
Microsoft Visual Studio Solution File, Format Version 12.00
# Visual Studio 15
VisualStudioVersion = 15.0.26124.0
MinimumVisualStudioVersion = 15.0.26124.0
Project("{FAE04EC0-301F-11D3-BF4B-00C04F79EFBC}") = "Day1", "Day1\Day1.csproj", "{37D539E3-5ECC-4ADF-89B0-B919BABF90E8}"
EndProject
Project("{FAE04EC0-301F-11D3-BF4B-00C04F79EFBC}") = "PuzzleRunner", "PuzzleRunner\PuzzleRunner.csproj", "{2B4FE997-AD5A-452C-8842-177B5A8742C1}"
EndProject
Project("{FAE04EC0-301F-11D3-BF4B-00C04F79EFBC}") = "PuzzleCommon", "PuzzleCommon\PuzzleCommon.csproj", "{89640D48-CEB1-47C6-8F93-843A60F5ED2E}"
EndProject
Project("{FAE04EC0-301F-11D3-BF4B-00C04F79EFBC}") = "Day2", "Day2\Day2.csproj", "{A1EFB88F-967E-48CA-AE26-371401E1F8F6}"
EndProject
Project("{FAE04EC0-301F-11D3-BF4B-00C04F79EFBC}") = "Day3", "Day3\Day3.csproj", "{CDDF5396-0854-4839-91C5-F1929647B104}"
EndProject
Project("{FAE04EC0-301F-11D3-BF4B-00C04F79EFBC}") = "Day4", "Day4\Day4.csproj", "{50D47F87-F17F-4ECF-AC54-3D434C9FACC6}"
EndProject
Global
	GlobalSection(SolutionProperties) = preSolution
		HideSolutionNode = FALSE
	EndGlobalSection
	GlobalSection(SolutionConfigurationPlatforms) = preSolution
		Debug|Any CPU = Debug|Any CPU
		Debug|x64 = Debug|x64
		Debug|x86 = Debug|x86
		Release|Any CPU = Release|Any CPU
		Release|x64 = Release|x64
		Release|x86 = Release|x86
	EndGlobalSection
	GlobalSection(ProjectConfigurationPlatforms) = postSolution
		{37D539E3-5ECC-4ADF-89B0-B919BABF90E8}.Debug|Any CPU.ActiveCfg = Debug|Any CPU
		{37D539E3-5ECC-4ADF-89B0-B919BABF90E8}.Debug|Any CPU.Build.0 = Debug|Any CPU
		{37D539E3-5ECC-4ADF-89B0-B919BABF90E8}.Debug|x64.ActiveCfg = Debug|Any CPU
		{37D539E3-5ECC-4ADF-89B0-B919BABF90E8}.Debug|x64.Build.0 = Debug|Any CPU
		{37D539E3-5ECC-4ADF-89B0-B919BABF90E8}.Debug|x86.ActiveCfg = Debug|Any CPU
		{37D539E3-5ECC-4ADF-89B0-B919BABF90E8}.Debug|x86.Build.0 = Debug|Any CPU
		{37D539E3-5ECC-4ADF-89B0-B919BABF90E8}.Release|Any CPU.ActiveCfg = Release|Any CPU
		{37D539E3-5ECC-4ADF-89B0-B919BABF90E8}.Release|Any CPU.Build.0 = Release|Any CPU
		{37D539E3-5ECC-4ADF-89B0-B919BABF90E8}.Release|x64.ActiveCfg = Release|Any CPU
		{37D539E3-5ECC-4ADF-89B0-B919BABF90E8}.Release|x64.Build.0 = Release|Any CPU
		{37D539E3-5ECC-4ADF-89B0-B919BABF90E8}.Release|x86.ActiveCfg = Release|Any CPU
		{37D539E3-5ECC-4ADF-89B0-B919BABF90E8}.Release|x86.Build.0 = Release|Any CPU
		{2B4FE997-AD5A-452C-8842-177B5A8742C1}.Debug|Any CPU.ActiveCfg = Debug|Any CPU
		{2B4FE997-AD5A-452C-8842-177B5A8742C1}.Debug|Any CPU.Build.0 = Debug|Any CPU
		{2B4FE997-AD5A-452C-8842-177B5A8742C1}.Debug|x64.ActiveCfg = Debug|Any CPU
		{2B4FE997-AD5A-452C-8842-177B5A8742C1}.Debug|x64.Build.0 = Debug|Any CPU
		{2B4FE997-AD5A-452C-8842-177B5A8742C1}.Debug|x86.ActiveCfg = Debug|Any CPU
		{2B4FE997-AD5A-452C-8842-177B5A8742C1}.Debug|x86.Build.0 = Debug|Any CPU
		{2B4FE997-AD5A-452C-8842-177B5A8742C1}.Release|Any CPU.ActiveCfg = Release|Any CPU
		{2B4FE997-AD5A-452C-8842-177B5A8742C1}.Release|Any CPU.Build.0 = Release|Any CPU
		{2B4FE997-AD5A-452C-8842-177B5A8742C1}.Release|x64.ActiveCfg = Release|Any CPU
		{2B4FE997-AD5A-452C-8842-177B5A8742C1}.Release|x64.Build.0 = Release|Any CPU
		{2B4FE997-AD5A-452C-8842-177B5A8742C1}.Release|x86.ActiveCfg = Release|Any CPU
		{2B4FE997-AD5A-452C-8842-177B5A8742C1}.Release|x86.Build.0 = Release|Any CPU
		{89640D48-CEB1-47C6-8F93-843A60F5ED2E}.Debug|Any CPU.ActiveCfg = Debug|Any CPU
		{89640D48-CEB1-47C6-8F93-843A60F5ED2E}.Debug|Any CPU.Build.0 = Debug|Any CPU
		{89640D48-CEB1-47C6-8F93-843A60F5ED2E}.Debug|x64.ActiveCfg = Debug|Any CPU
		{89640D48-CEB1-47C6-8F93-843A60F5ED2E}.Debug|x64.Build.0 = Debug|Any CPU
		{89640D48-CEB1-47C6-8F93-843A60F5ED2E}.Debug|x86.ActiveCfg = Debug|Any CPU
		{89640D48-CEB1-47C6-8F93-843A60F5ED2E}.Debug|x86.Build.0 = Debug|Any CPU
		{89640D48-CEB1-47C6-8F93-843A60F5ED2E}.Release|Any CPU.ActiveCfg = Release|Any CPU
		{89640D48-CEB1-47C6-8F93-843A60F5ED2E}.Release|Any CPU.Build.0 = Release|Any CPU
		{89640D48-CEB1-47C6-8F93-843A60F5ED2E}.Release|x64.ActiveCfg = Release|Any CPU
		{89640D48-CEB1-47C6-8F93-843A60F5ED2E}.Release|x64.Build.0 = Release|Any CPU
		{89640D48-CEB1-47C6-8F93-843A60F5ED2E}.Release|x86.ActiveCfg = Release|Any CPU
		{89640D48-CEB1-47C6-8F93-843A60F5ED2E}.Release|x86.Build.0 = Release|Any CPU
		{A1EFB88F-967E-48CA-AE26-371401E1F8F6}.Debug|Any CPU.ActiveCfg = Debug|Any CPU
		{A1EFB88F-967E-48CA-AE26-371401E1F8F6}.Debug|Any CPU.Build.0 = Debug|Any CPU
		{A1EFB88F-967E-48CA-AE26-371401E1F8F6}.Debug|x64.ActiveCfg = Debug|Any CPU
		{A1EFB88F-967E-48CA-AE26-371401E1F8F6}.Debug|x64.Build.0 = Debug|Any CPU
		{A1EFB88F-967E-48CA-AE26-371401E1F8F6}.Debug|x86.ActiveCfg = Debug|Any CPU
		{A1EFB88F-967E-48CA-AE26-371401E1F8F6}.Debug|x86.Build.0 = Debug|Any CPU
		{A1EFB88F-967E-48CA-AE26-371401E1F8F6}.Release|Any CPU.ActiveCfg = Release|Any CPU
		{A1EFB88F-967E-48CA-AE26-371401E1F8F6}.Release|Any CPU.Build.0 = Release|Any CPU
		{A1EFB88F-967E-48CA-AE26-371401E1F8F6}.Release|x64.ActiveCfg = Release|Any CPU
		{A1EFB88F-967E-48CA-AE26-371401E1F8F6}.Release|x64.Build.0 = Release|Any CPU
		{A1EFB88F-967E-48CA-AE26-371401E1F8F6}.Release|x86.ActiveCfg = Release|Any CPU
		{A1EFB88F-967E-48CA-AE26-371401E1F8F6}.Release|x86.Build.0 = Release|Any CPU
		{CDDF5396-0854-4839-91C5-F1929647B104}.Debug|Any CPU.ActiveCfg = Debug|Any CPU
		{CDDF5396-0854-4839-91C5-F1929647B104}.Debug|Any CPU.Build.0 = Debug|Any CPU
		{CDDF5396-0854-4839-91C5-F1929647B104}.Debug|x64.ActiveCfg = Debug|Any CPU
		{CDDF5396-0854-4839-91C5-F1929647B104}.Debug|x64.Build.0 = Debug|Any CPU
		{CDDF5396-0854-4839-91C5-F1929647B104}.Debug|x86.ActiveCfg = Debug|Any CPU
		{CDDF5396-0854-4839-91C5-F1929647B104}.Debug|x86.Build.0 = Debug|Any CPU
		{CDDF5396-0854-4839-91C5-F1929647B104}.Release|Any CPU.ActiveCfg = Release|Any CPU
		{CDDF5396-0854-4839-91C5-F1929647B104}.Release|Any CPU.Build.0 = Release|Any CPU
		{CDDF5396-0854-4839-91C5-F1929647B104}.Release|x64.ActiveCfg = Release|Any CPU
		{CDDF5396-0854-4839-91C5-F1929647B104}.Release|x64.Build.0 = Release|Any CPU
		{CDDF5396-0854-4839-91C5-F1929647B104}.Release|x86.ActiveCfg = Release|Any CPU
		{CDDF5396-0854-4839-91C5-F1929647B104}.Release|x86.Build.0 = Release|Any CPU
		{50D47F87-F17F-4ECF-AC54-3D434C9FACC6}.Debug|Any CPU.ActiveCfg = Debug|Any CPU
		{50D47F87-F17F-4ECF-AC54-3D434C9FACC6}.Debug|Any CPU.Build.0 = Debug|Any CPU
		{50D47F87-F17F-4ECF-AC54-3D434C9FACC6}.Debug|x64.ActiveCfg = Debug|Any CPU
		{50D47F87-F17F-4ECF-AC54-3D434C9FACC6}.Debug|x64.Build.0 = Debug|Any CPU
		{50D47F87-F17F-4ECF-AC54-3D434C9FACC6}.Debug|x86.ActiveCfg = Debug|Any CPU
		{50D47F87-F17F-4ECF-AC54-3D434C9FACC6}.Debug|x86.Build.0 = Debug|Any CPU
		{50D47F87-F17F-4ECF-AC54-3D434C9FACC6}.Release|Any CPU.ActiveCfg = Release|Any CPU
		{50D47F87-F17F-4ECF-AC54-3D434C9FACC6}.Release|Any CPU.Build.0 = Release|Any CPU
		{50D47F87-F17F-4ECF-AC54-3D434C9FACC6}.Release|x64.ActiveCfg = Release|Any CPU
		{50D47F87-F17F-4ECF-AC54-3D434C9FACC6}.Release|x64.Build.0 = Release|Any CPU
		{50D47F87-F17F-4ECF-AC54-3D434C9FACC6}.Release|x86.ActiveCfg = Release|Any CPU
		{50D47F87-F17F-4ECF-AC54-3D434C9FACC6}.Release|x86.Build.0 = Release|Any CPU
	EndGlobalSection
EndGlobal
